#
# This file is autogenerated by pip-compile with Python 3.14
# by the following command:
#
#    pip-compile --no-emit-index-url --output-file=requirements.lock pyproject.toml
#
aiohappyeyeballs==2.6.1
    # via aiohttp
aiohttp==3.13.5
    # via cryptotrader (pyproject.toml)
aiosignal==1.4.0
    # via aiohttp
annotated-types==0.7.0
    # via pydantic
attrs==26.1.0
    # via aiohttp
frozenlist==1.8.0
    # via
    #   aiohttp
    #   aiosignal
idna==3.11
    # via yarl
linkify-it-py==2.1.0
    # via markdown-it-py
markdown-it-py[linkify]==4.0.0
    # via
    #   mdit-py-plugins
    #   rich
    #   textual
mdit-py-plugins==0.5.0
    # via textual
mdurl==0.1.2
    # via markdown-it-py
multidict==6.7.1
    # via
    #   aiohttp
    #   yarl
platformdirs==4.9.6
    # via textual
propcache==0.4.1
    # via
    #   aiohttp
    #   yarl
pydantic==2.13.0
    # via
    #   cryptotrader (pyproject.toml)
    #   pydantic-settings
pydantic-core==2.46.0
    # via pydantic
pydantic-settings==2.13.1
    # via cryptotrader (pyproject.toml)
pygments==2.20.0
    # via
    #   rich
    #   textual
python-dotenv==1.2.2
    # via
    #   cryptotrader (pyproject.toml)
    #   pydantic-settings
rich==15.0.0
    # via textual
textual==8.2.3
    # via cryptotrader (pyproject.toml)
typing-extensions==4.15.0
    # via
    #   pydantic
    #   pydantic-core
    #   textual
    #   typing-inspection
typing-inspection==0.4.2
    # via
    #   pydantic
    #   pydantic-settings
uc-micro-py==2.0.0
    # via linkify-it-py
websockets==16.0
    # via cryptotrader (pyproject.toml)
yarl==1.23.0
    # via aiohttp
